
Microsoft Visual Studio Solution File, Format Version 12.00
# Visual Studio 15
VisualStudioVersion = 15.0.28010.2046
MinimumVisualStudioVersion = 10.0.40219.1
Project("{FAE04EC0-301F-11D3-BF4B-00C04F79EFBC}") = "TCPGameServer", "TCPGameServer\TCPGameServer.csproj", "{22A02C0C-560D-4862-9E85-F10EE0C4C526}"
EndProject
Project("{FAE04EC0-301F-11D3-BF4B-00C04F79EFBC}") = "TCPElement", "TCPElement\TCPElement.csproj", "{070E5275-568F-44E6-9CBC-A43AFEF63D29}"
EndProject
Project("{FAE04EC0-301F-11D3-BF4B-00C04F79EFBC}") = "ViewModelBase", "ViewModelBase\ViewModelBase.csproj", "{EDAD0CC1-E521-4B91-AA8B-B22A94581BD3}"
EndProject
Project("{FAE04EC0-301F-11D3-BF4B-00C04F79EFBC}") = "TCPGameClient", "TCPGameClient\TCPGameClient.csproj", "{C5C4B0EB-9302-404C-B624-F0B080B8722E}"
EndProject
Project("{FAE04EC0-301F-11D3-BF4B-00C04F79EFBC}") = "TCPGameLogic", "TCPGameLogic\TCPGameLogic.csproj", "{FD2B4DCF-7D2D-4CC1-A312-B5DEE41D77B6}"
EndProject
Global
	GlobalSection(SolutionConfigurationPlatforms) = preSolution
		Debug|Any CPU = Debug|Any CPU
		Release|Any CPU = Release|Any CPU
	EndGlobalSection
	GlobalSection(ProjectConfigurationPlatforms) = postSolution
		{22A02C0C-560D-4862-9E85-F10EE0C4C526}.Debug|Any CPU.ActiveCfg = Debug|Any CPU
		{22A02C0C-560D-4862-9E85-F10EE0C4C526}.Debug|Any CPU.Build.0 = Debug|Any CPU
		{22A02C0C-560D-4862-9E85-F10EE0C4C526}.Release|Any CPU.ActiveCfg = Release|Any CPU
		{22A02C0C-560D-4862-9E85-F10EE0C4C526}.Release|Any CPU.Build.0 = Release|Any CPU
		{070E5275-568F-44E6-9CBC-A43AFEF63D29}.Debug|Any CPU.ActiveCfg = Debug|Any CPU
		{070E5275-568F-44E6-9CBC-A43AFEF63D29}.Debug|Any CPU.Build.0 = Debug|Any CPU
		{070E5275-568F-44E6-9CBC-A43AFEF63D29}.Release|Any CPU.ActiveCfg = Release|Any CPU
		{070E5275-568F-44E6-9CBC-A43AFEF63D29}.Release|Any CPU.Build.0 = Release|Any CPU
		{EDAD0CC1-E521-4B91-AA8B-B22A94581BD3}.Debug|Any CPU.ActiveCfg = Debug|Any CPU
		{EDAD0CC1-E521-4B91-AA8B-B22A94581BD3}.Debug|Any CPU.Build.0 = Debug|Any CPU
		{EDAD0CC1-E521-4B91-AA8B-B22A94581BD3}.Release|Any CPU.ActiveCfg = Release|Any CPU
		{EDAD0CC1-E521-4B91-AA8B-B22A94581BD3}.Release|Any CPU.Build.0 = Release|Any CPU
		{C5C4B0EB-9302-404C-B624-F0B080B8722E}.Debug|Any CPU.ActiveCfg = Debug|Any CPU
		{C5C4B0EB-9302-404C-B624-F0B080B8722E}.Debug|Any CPU.Build.0 = Debug|Any CPU
		{C5C4B0EB-9302-404C-B624-F0B080B8722E}.Release|Any CPU.ActiveCfg = Release|Any CPU
		{C5C4B0EB-9302-404C-B624-F0B080B8722E}.Release|Any CPU.Build.0 = Release|Any CPU
		{FD2B4DCF-7D2D-4CC1-A312-B5DEE41D77B6}.Debug|Any CPU.ActiveCfg = Debug|Any CPU
		{FD2B4DCF-7D2D-4CC1-A312-B5DEE41D77B6}.Debug|Any CPU.Build.0 = Debug|Any CPU
		{FD2B4DCF-7D2D-4CC1-A312-B5DEE41D77B6}.Release|Any CPU.ActiveCfg = Release|Any CPU
		{FD2B4DCF-7D2D-4CC1-A312-B5DEE41D77B6}.Release|Any CPU.Build.0 = Release|Any CPU
	EndGlobalSection
	GlobalSection(SolutionProperties) = preSolution
		HideSolutionNode = FALSE
	EndGlobalSection
	GlobalSection(ExtensibilityGlobals) = postSolution
		SolutionGuid = {96624BA9-FE07-4B2B-A6C9-C92AAF235EEA}
	EndGlobalSection
EndGlobal
